
Microsoft Visual Studio Solution File, Format Version 12.00
# Visual Studio Version 17
VisualStudioVersion = 17.0.31903.59
MinimumVisualStudioVersion = 10.0.40219.1
Project("{FAE04EC0-301F-11D3-BF4B-00C04F79EFBC}") = "Domain", "Domain\Domain.csproj", "{DF1DA845-7996-4E32-8C8B-01C895A889BC}"
EndProject
Project("{FAE04EC0-301F-11D3-BF4B-00C04F79EFBC}") = "Infrastructure", "Infrastructure\Infrastructure.csproj", "{90B4DD3A-1BEC-42DB-9244-DA0F8F0A0342}"
EndProject
Project("{FAE04EC0-301F-11D3-BF4B-00C04F79EFBC}") = "MainApp", "MainApp\MainApp.csproj", "{38074A3F-B179-42FD-A27C-4FC2CE60FECD}"
EndProject
Global
	GlobalSection(SolutionConfigurationPlatforms) = preSolution
		Debug|Any CPU = Debug|Any CPU
		Release|Any CPU = Release|Any CPU
	EndGlobalSection
	GlobalSection(SolutionProperties) = preSolution
		HideSolutionNode = FALSE
	EndGlobalSection
	GlobalSection(ProjectConfigurationPlatforms) = postSolution
		{DF1DA845-7996-4E32-8C8B-01C895A889BC}.Debug|Any CPU.ActiveCfg = Debug|Any CPU
		{DF1DA845-7996-4E32-8C8B-01C895A889BC}.Debug|Any CPU.Build.0 = Debug|Any CPU
		{DF1DA845-7996-4E32-8C8B-01C895A889BC}.Release|Any CPU.ActiveCfg = Release|Any CPU
		{DF1DA845-7996-4E32-8C8B-01C895A889BC}.Release|Any CPU.Build.0 = Release|Any CPU
		{90B4DD3A-1BEC-42DB-9244-DA0F8F0A0342}.Debug|Any CPU.ActiveCfg = Debug|Any CPU
		{90B4DD3A-1BEC-42DB-9244-DA0F8F0A0342}.Debug|Any CPU.Build.0 = Debug|Any CPU
		{90B4DD3A-1BEC-42DB-9244-DA0F8F0A0342}.Release|Any CPU.ActiveCfg = Release|Any CPU
		{90B4DD3A-1BEC-42DB-9244-DA0F8F0A0342}.Release|Any CPU.Build.0 = Release|Any CPU
		{38074A3F-B179-42FD-A27C-4FC2CE60FECD}.Debug|Any CPU.ActiveCfg = Debug|Any CPU
		{38074A3F-B179-42FD-A27C-4FC2CE60FECD}.Debug|Any CPU.Build.0 = Debug|Any CPU
		{38074A3F-B179-42FD-A27C-4FC2CE60FECD}.Release|Any CPU.ActiveCfg = Release|Any CPU
		{38074A3F-B179-42FD-A27C-4FC2CE60FECD}.Release|Any CPU.Build.0 = Release|Any CPU
	EndGlobalSection
EndGlobal
